{"1.1.0",
[{<<"cf">>,{pkg,<<"cf">>,<<"0.3.1">>},3},
 {<<"cowboy">>,
  {git,"https://github.com/ninenines/cowboy.git",
       {ref,"66fd122c08dd05e2ff2300af963cb977dca2ba7c"}},
  0},
 {<<"cowlib">>,
  {git,"https://github.com/ninenines/cowlib",
       {ref,"8588724cf91ddbb53b9c35ed665866556b217323"}},
  1},
 {<<"epgsql">>,
  {git,"git@github.com:epgsql/epgsql.git",
       {ref,"8a4a089a8df26151a52f90eaf688b14fe00e1327"}},
  1},
 {<<"erlware_commons">>,{pkg,<<"erlware_commons">>,<<"1.3.1">>},2},
 {<<"goldrush">>,{pkg,<<"goldrush">>,<<"0.1.8">>},1},
 {<<"gproc">>,
  {git,"git://github.com/uwiger/gproc.git",
       {ref,"ce7397809aca0d6eb3aac6db65953752e47fb511"}},
  0},
 {<<"gun">>,
  {git,"git://github.com/ninenines/gun.git",
       {ref,"e7dd9f227e46979d8073e71c683395a809b78cb4"}},
  1},
 {<<"id3as_avp">>,
  {git,"git@github.com:id3as/id3as.avp.git",
       {ref,"9a40af3fba5cfbfbb28cce282cad311920ba8ceb"}},
  0},
 {<<"id3as_common">>,
  {git,"git@github.com:id3as/id3as.common.git",
       {ref,"a0debd55a29054acf208311d4bafb3436dd5f6db"}},
  0},
 {<<"id3as_media">>,
  {git,"git@github.com:id3as/id3as.media.git",
       {ref,"27aa2c03effc73c1b19b13f66e02639575383404"}},
  0},
 {<<"id3as_rtc">>,
  {git,"git@github.com:id3as/id3as_rtc.git",
       {ref,"1c22ad0ea24d5f7080f5b9a8c4793c7d8e96593b"}},
  0},
 {<<"jsx">>,{pkg,<<"jsx">>,<<"2.8.0">>},0},
 {<<"lager">>,{pkg,<<"lager">>,<<"3.2.0">>},0},
 {<<"msgpack">>,
  {git,"https://github.com/msgpack/msgpack-erlang.git",
       {ref,"f1e1b98a5fc5fa8ea72bff834f145c7d0854c027"}},
  0},
 {<<"niceopt">>,
  {git,"git@github.com:talentdeficit/niceopt.git",
       {ref,"0e1cb9b41b3223b1602fcb286a2fbe17c07da0df"}},
  1},
 {<<"png">>,
  {git,"https://github.com/yuce/png",
       {ref,"b6af0face98495f10fba3f638f1f36931ff2b3fe"}},
  1},
 {<<"prometheus">>,{pkg,<<"prometheus">>,<<"4.2.2">>},1},
 {<<"prometheus_erl">>,
  {git,"git://github.com/deadtrickster/prometheus.erl.git",
       {ref,"39ef9d000e265d0fe2716c1c7ac1a2dc95767fa2"}},
  0},
 {<<"prometheus_process_collector">>,
  {git,"git://github.com/deadtrickster/prometheus_process_collector.git",
       {ref,"34fcae46d226771fb54278c5cf40530baced8267"}},
  0},
 {<<"qdate">>,
  {git,"git@github.com:id3as/qdate.git",
       {ref,"e08c4f638c094db9707422f90b6d886a8ef4738a"}},
  1},
 {<<"qdate_localtime">>,
  {git,"git@github.com:id3as/qdate_localtime.git",
       {ref,"3749fdb8841b14b02c1eea3fbbcd85c6871e6508"}},
  2},
 {<<"quickrand">>,
  {git,"https://github.com/okeuday/quickrand.git",
       {ref,"6f3d611c04e1cd734e8287b358f0f458b4f88662"}},
  2},
 {<<"ranch">>,
  {git,"https://github.com/ninenines/ranch",
       {ref,"7423a7bb6dde5edc26283544956ae7387fa69688"}},
  1},
 {<<"recon">>,{pkg,<<"recon">>,<<"2.3.6">>},0},
 {<<"stacktrace_compat">>,{pkg,<<"stacktrace_compat">>,<<"1.0.1">>},1},
 {<<"uuid">>,
  {git,"git@github.com:okeuday/uuid.git",
       {ref,"7d669ffde5a5d6df508e43e9c3ac9e8eab8f6723"}},
  1},
 {<<"vlevel">>,
  {git,"git@github.com:srstrong/vlevel.git",
       {ref,"68893395490c4b43d55940ae7fd6e3d85414220c"}},
  1}]}.
[
{pkg_hash,[
 {<<"cf">>, <<"5CB902239476E141EA70A740340233782D363A31EEA8AD37049561542E6CD641">>},
 {<<"erlware_commons">>, <<"0CE192AD69BC6FD0880246D852D0ECE17631E234878011D1586E053641ED4C04">>},
 {<<"goldrush">>, <<"2024BA375CEEA47E27EA70E14D2C483B2D8610101B4E852EF7F89163CDB6E649">>},
 {<<"jsx">>, <<"749BEC6D205C694AE1786D62CEA6CC45A390437E24835FD16D12D74F07097727">>},
 {<<"lager">>, <<"1019E64B5A25898EDD9F47DAF790977212E09F0F03399EAA1F6045953071AE2C">>},
 {<<"prometheus">>, <<"A830E77B79DC6D28183F4DB050A7CAC926A6C58F1872F9EF94A35CD989ACEEF8">>},
 {<<"recon">>, <<"2BCAD0CF621FB277CABBB6413159CD3AA30265C2DEE42C968697988B30108604">>},
 {<<"stacktrace_compat">>, <<"9769D80AE7B09E0BE405927561127D410FEC7A340E52E9286CE1F73DD1639095">>}]}
].
